
Microsoft Visual Studio Solution File, Format Version 12.00
# Visual Studio Version 16
VisualStudioVersion = 16.0.32602.291
MinimumVisualStudioVersion = 10.0.40219.1
Project("{FAE04EC0-301F-11D3-BF4B-00C04F79EFBC}") = "ScandiHome", "ScandiHome\ScandiHome.csproj", "{4E06E955-E522-4B91-8EEE-5D69711D0E0B}"
EndProject
Global
	GlobalSection(SolutionConfigurationPlatforms) = preSolution
		Debug|Any CPU = Debug|Any CPU
		Release|Any CPU = Release|Any CPU
	EndGlobalSection
	GlobalSection(ProjectConfigurationPlatforms) = postSolution
		{4E06E955-E522-4B91-8EEE-5D69711D0E0B}.Debug|Any CPU.ActiveCfg = Debug|Any CPU
		{4E06E955-E522-4B91-8EEE-5D69711D0E0B}.Debug|Any CPU.Build.0 = Debug|Any CPU
		{4E06E955-E522-4B91-8EEE-5D69711D0E0B}.Release|Any CPU.ActiveCfg = Release|Any CPU
		{4E06E955-E522-4B91-8EEE-5D69711D0E0B}.Release|Any CPU.Build.0 = Release|Any CPU
	EndGlobalSection
	GlobalSection(SolutionProperties) = preSolution
		HideSolutionNode = FALSE
	EndGlobalSection
	GlobalSection(ExtensibilityGlobals) = postSolution
		SolutionGuid = {A8905C73-2976-4C01-B307-2A7FDC9ED8E9}
	EndGlobalSection
EndGlobal
